{
  "name": "architected-example-observable",
  "version": "0.0.0",
  "lockfileVersion": 1,
  "dependencies": {
    "delay": {
      "version": "2.0.0",
      "resolved": "https://registry.npmjs.org/delay/-/delay-2.0.0.tgz",
      "integrity": "sha1-kRLq3APk7H4AKXM3iW8nO72R+uU="
    },
    "p-defer": {
      "version": "1.0.0",
      "resolved": "https://registry.npmjs.org/p-defer/-/p-defer-1.0.0.tgz",
      "integrity": "sha1-n26xgvbJqozXQwBKfU+WsZaw+ww="
    },
    "zen-observable": {
      "version": "0.5.2",
      "resolved": "https://registry.npmjs.org/zen-observable/-/zen-observable-0.5.2.tgz",
      "integrity": "sha512-Dhp/R0pqSHj3vPs5O1gVd9kZx5Iew2lqVcfJQOBHx3llM/dLea8vl9wSa9FK8wLdSBQJ6mmgKi9+Rk2DRH3i9Q=="
    }
  }
}
